// !$*UTF8*$!
{
	archiveVersion = 1;
	classes = {
	};
	objectVersion = 50;
	objects = {

/* Begin PBXBuildFile section */
		A3152DF22302BB7C0004BD58 /* ViewController.swift in Sources */ = {isa = PBXBuildFile; fileRef = A3152DF12302BB7C0004BD58 /* ViewController.swift */; };
		A3152DF52302BBC30004BD58 /* DogCollectionViewCell.swift in Sources */ = {isa = PBXBuildFile; fileRef = A3152DF32302BBC30004BD58 /* DogCollectionViewCell.swift */; };
		A3163982230153F9009C9897 /* BreedButton.swift in Sources */ = {isa = PBXBuildFile; fileRef = A3163981230153F9009C9897 /* BreedButton.swift */; };
		A3190E4322FC5F7200540652 /* DogTableViewCell.xib in Resources */ = {isa = PBXBuildFile; fileRef = A3190E4222FC5F7200540652 /* DogTableViewCell.xib */; };
		A34DDBA622FDBBF10089E247 /* DogProfileViewController.swift in Sources */ = {isa = PBXBuildFile; fileRef = A34DDBA522FDBBF10089E247 /* DogProfileViewController.swift */; };
		A397700C22F41FDF00A0D13B /* Statement.swift in Sources */ = {isa = PBXBuildFile; fileRef = A397700B22F41FDF00A0D13B /* Statement.swift */; };
		A397700E22F421D900A0D13B /* StatementPool.swift in Sources */ = {isa = PBXBuildFile; fileRef = A397700D22F421D900A0D13B /* StatementPool.swift */; };
		A397701122F4352000A0D13B /* StatementButton.swift in Sources */ = {isa = PBXBuildFile; fileRef = A397701022F4352000A0D13B /* StatementButton.swift */; };
		A397701422F461E600A0D13B /* InitialViewController.swift in Sources */ = {isa = PBXBuildFile; fileRef = A397701322F461E500A0D13B /* InitialViewController.swift */; };
		A397701622F4692800A0D13B /* ResultsViewController.swift in Sources */ = {isa = PBXBuildFile; fileRef = A397701522F4692800A0D13B /* ResultsViewController.swift */; };
		A397701922F46CCC00A0D13B /* QuizCoordinator.swift in Sources */ = {isa = PBXBuildFile; fileRef = A397701822F46CCC00A0D13B /* QuizCoordinator.swift */; };
		A39C7E3C2302BEB100691D86 /* DogCollectionViewCell.xib in Resources */ = {isa = PBXBuildFile; fileRef = A39C7E3B2302BEB100691D86 /* DogCollectionViewCell.xib */; };
		A39C7E3E2302BF4700691D86 /* Dog.swift in Sources */ = {isa = PBXBuildFile; fileRef = A39C7E3D2302BF4700691D86 /* Dog.swift */; };
		A39C7E402302BF7400691D86 /* PinterestLayout.swift in Sources */ = {isa = PBXBuildFile; fileRef = A39C7E3F2302BF7400691D86 /* PinterestLayout.swift */; };
		A39C7E422302C50200691D86 /* Dogs.xcassets in Resources */ = {isa = PBXBuildFile; fileRef = A39C7E412302C50200691D86 /* Dogs.xcassets */; };
		A39C7E4B2302E1F400691D86 /* Dogs.plist in Resources */ = {isa = PBXBuildFile; fileRef = A39C7E4A2302E1F400691D86 /* Dogs.plist */; };
		A39C7E4D2302E20200691D86 /* Info.plist in Resources */ = {isa = PBXBuildFile; fileRef = A39C7E4C2302E20200691D86 /* Info.plist */; };
		A3ED129022FAF7E600896304 /* DogsTableViewController.swift in Sources */ = {isa = PBXBuildFile; fileRef = A3ED128F22FAF7E600896304 /* DogsTableViewController.swift */; };
		A3ED129222FAF9A600896304 /* alldogsresponse.json in Resources */ = {isa = PBXBuildFile; fileRef = A3ED129122FAF9A600896304 /* alldogsresponse.json */; };
		A3ED129622FAFBCA00896304 /* DogBreeds.swift in Sources */ = {isa = PBXBuildFile; fileRef = A3ED129522FAFBCA00896304 /* DogBreeds.swift */; };
		A3ED129922FAFC9900896304 /* DogTableViewCell.swift in Sources */ = {isa = PBXBuildFile; fileRef = A3ED129722FAFC9900896304 /* DogTableViewCell.swift */; };
		A3ED129C22FAFFF800896304 /* DogBreedsPool.swift in Sources */ = {isa = PBXBuildFile; fileRef = A3ED129B22FAFFF800896304 /* DogBreedsPool.swift */; };
		F61DD28922F3649100B31D4A /* AppDelegate.swift in Sources */ = {isa = PBXBuildFile; fileRef = F61DD28822F3649100B31D4A /* AppDelegate.swift */; };
		F61DD28B22F3649100B31D4A /* StatementViewController.swift in Sources */ = {isa = PBXBuildFile; fileRef = F61DD28A22F3649100B31D4A /* StatementViewController.swift */; };
		F61DD28E22F3649100B31D4A /* Main.storyboard in Resources */ = {isa = PBXBuildFile; fileRef = F61DD28C22F3649100B31D4A /* Main.storyboard */; };
		F61DD29022F3649600B31D4A /* Assets.xcassets in Resources */ = {isa = PBXBuildFile; fileRef = F61DD28F22F3649600B31D4A /* Assets.xcassets */; };
		F61DD29322F3649600B31D4A /* LaunchScreen.storyboard in Resources */ = {isa = PBXBuildFile; fileRef = F61DD29122F3649600B31D4A /* LaunchScreen.storyboard */; };
		F61DD29C22F3651800B31D4A /* DogRepository.swift in Sources */ = {isa = PBXBuildFile; fileRef = F61DD29B22F3651800B31D4A /* DogRepository.swift */; };
		F61DD2A022F3660D00B31D4A /* dog_statements.json in Resources */ = {isa = PBXBuildFile; fileRef = F61DD29F22F3660D00B31D4A /* dog_statements.json */; };
/* End PBXBuildFile section */

/* Begin PBXFileReference section */
		A3152DF12302BB7C0004BD58 /* ViewController.swift */ = {isa = PBXFileReference; lastKnownFileType = sourcecode.swift; path = ViewController.swift; sourceTree = "<group>"; };
		A3152DF32302BBC30004BD58 /* DogCollectionViewCell.swift */ = {isa = PBXFileReference; lastKnownFileType = sourcecode.swift; path = DogCollectionViewCell.swift; sourceTree = "<group>"; };
		A3163981230153F9009C9897 /* BreedButton.swift */ = {isa = PBXFileReference; lastKnownFileType = sourcecode.swift; path = BreedButton.swift; sourceTree = "<group>"; };
		A3190E4222FC5F7200540652 /* DogTableViewCell.xib */ = {isa = PBXFileReference; fileEncoding = 4; lastKnownFileType = file.xib; path = DogTableViewCell.xib; sourceTree = "<group>"; };
		A34DDBA522FDBBF10089E247 /* DogProfileViewController.swift */ = {isa = PBXFileReference; lastKnownFileType = sourcecode.swift; path = DogProfileViewController.swift; sourceTree = "<group>"; };
		A397700B22F41FDF00A0D13B /* Statement.swift */ = {isa = PBXFileReference; lastKnownFileType = sourcecode.swift; path = Statement.swift; sourceTree = "<group>"; };
		A397700D22F421D900A0D13B /* StatementPool.swift */ = {isa = PBXFileReference; lastKnownFileType = sourcecode.swift; path = StatementPool.swift; sourceTree = "<group>"; };
		A397701022F4352000A0D13B /* StatementButton.swift */ = {isa = PBXFileReference; lastKnownFileType = sourcecode.swift; path = StatementButton.swift; sourceTree = "<group>"; };
		A397701322F461E500A0D13B /* InitialViewController.swift */ = {isa = PBXFileReference; lastKnownFileType = sourcecode.swift; path = InitialViewController.swift; sourceTree = "<group>"; };
		A397701522F4692800A0D13B /* ResultsViewController.swift */ = {isa = PBXFileReference; lastKnownFileType = sourcecode.swift; path = ResultsViewController.swift; sourceTree = "<group>"; };
		A397701822F46CCC00A0D13B /* QuizCoordinator.swift */ = {isa = PBXFileReference; lastKnownFileType = sourcecode.swift; path = QuizCoordinator.swift; sourceTree = "<group>"; };
		A39C7E3B2302BEB100691D86 /* DogCollectionViewCell.xib */ = {isa = PBXFileReference; fileEncoding = 4; lastKnownFileType = file.xib; path = DogCollectionViewCell.xib; sourceTree = "<group>"; };
		A39C7E3D2302BF4700691D86 /* Dog.swift */ = {isa = PBXFileReference; lastKnownFileType = sourcecode.swift; path = Dog.swift; sourceTree = "<group>"; };
		A39C7E3F2302BF7400691D86 /* PinterestLayout.swift */ = {isa = PBXFileReference; lastKnownFileType = sourcecode.swift; path = PinterestLayout.swift; sourceTree = "<group>"; };
		A39C7E412302C50200691D86 /* Dogs.xcassets */ = {isa = PBXFileReference; lastKnownFileType = folder.assetcatalog; path = Dogs.xcassets; sourceTree = "<group>"; };
		A39C7E4A2302E1F400691D86 /* Dogs.plist */ = {isa = PBXFileReference; fileEncoding = 4; lastKnownFileType = text.plist.xml; path = Dogs.plist; sourceTree = "<group>"; };
		A39C7E4C2302E20200691D86 /* Info.plist */ = {isa = PBXFileReference; fileEncoding = 4; lastKnownFileType = text.plist.xml; name = Info.plist; path = ../../CollectionViewExample/CollectionViewExample/Info.plist; sourceTree = "<group>"; };
		A3ED128F22FAF7E600896304 /* DogsTableViewController.swift */ = {isa = PBXFileReference; lastKnownFileType = sourcecode.swift; path = DogsTableViewController.swift; sourceTree = "<group>"; };
		A3ED129122FAF9A600896304 /* alldogsresponse.json */ = {isa = PBXFileReference; fileEncoding = 4; lastKnownFileType = text.json; name = alldogsresponse.json; path = ../../TableView/alldogsresponse.json; sourceTree = "<group>"; };
		A3ED129522FAFBCA00896304 /* DogBreeds.swift */ = {isa = PBXFileReference; lastKnownFileType = sourcecode.swift; path = DogBreeds.swift; sourceTree = "<group>"; };
		A3ED129722FAFC9900896304 /* DogTableViewCell.swift */ = {isa = PBXFileReference; lastKnownFileType = sourcecode.swift; path = DogTableViewCell.swift; sourceTree = "<group>"; };
		A3ED129B22FAFFF800896304 /* DogBreedsPool.swift */ = {isa = PBXFileReference; lastKnownFileType = sourcecode.swift; path = DogBreedsPool.swift; sourceTree = "<group>"; };
		F61DD28522F3649100B31D4A /* Quizlee.app */ = {isa = PBXFileReference; explicitFileType = wrapper.application; includeInIndex = 0; path = Quizlee.app; sourceTree = BUILT_PRODUCTS_DIR; };
		F61DD28822F3649100B31D4A /* AppDelegate.swift */ = {isa = PBXFileReference; lastKnownFileType = sourcecode.swift; path = AppDelegate.swift; sourceTree = "<group>"; };
		F61DD28A22F3649100B31D4A /* StatementViewController.swift */ = {isa = PBXFileReference; lastKnownFileType = sourcecode.swift; path = StatementViewController.swift; sourceTree = "<group>"; };
		F61DD28D22F3649100B31D4A /* Base */ = {isa = PBXFileReference; lastKnownFileType = file.storyboard; name = Base; path = Base.lproj/Main.storyboard; sourceTree = "<group>"; };
		F61DD28F22F3649600B31D4A /* Assets.xcassets */ = {isa = PBXFileReference; lastKnownFileType = folder.assetcatalog; path = Assets.xcassets; sourceTree = "<group>"; };
		F61DD29222F3649600B31D4A /* Base */ = {isa = PBXFileReference; lastKnownFileType = file.storyboard; name = Base; path = Base.lproj/LaunchScreen.storyboard; sourceTree = "<group>"; };
		F61DD29B22F3651800B31D4A /* DogRepository.swift */ = {isa = PBXFileReference; lastKnownFileType = sourcecode.swift; path = DogRepository.swift; sourceTree = "<group>"; };
		F61DD29F22F3660D00B31D4A /* dog_statements.json */ = {isa = PBXFileReference; fileEncoding = 4; lastKnownFileType = text.json; path = dog_statements.json; sourceTree = "<group>"; };
/* End PBXFileReference section */

/* Begin PBXFrameworksBuildPhase section */
		F61DD28222F3649100B31D4A /* Frameworks */ = {
			isa = PBXFrameworksBuildPhase;
			buildActionMask = 2147483647;
			files = (
			);
			runOnlyForDeploymentPostprocessing = 0;
		};
/* End PBXFrameworksBuildPhase section */

/* Begin PBXGroup section */
		A397700822F41DB900A0D13B /* Model */ = {
			isa = PBXGroup;
			children = (
				A397700B22F41FDF00A0D13B /* Statement.swift */,
				A397700D22F421D900A0D13B /* StatementPool.swift */,
				A3ED128F22FAF7E600896304 /* DogsTableViewController.swift */,
				A3ED129522FAFBCA00896304 /* DogBreeds.swift */,
				A3ED129B22FAFFF800896304 /* DogBreedsPool.swift */,
				A34DDBA522FDBBF10089E247 /* DogProfileViewController.swift */,
				A3163981230153F9009C9897 /* BreedButton.swift */,
				A3152DF12302BB7C0004BD58 /* ViewController.swift */,
				A3152DF32302BBC30004BD58 /* DogCollectionViewCell.swift */,
				A39C7E3B2302BEB100691D86 /* DogCollectionViewCell.xib */,
				A39C7E3D2302BF4700691D86 /* Dog.swift */,
				A39C7E3F2302BF7400691D86 /* PinterestLayout.swift */,
			);
			path = Model;
			sourceTree = "<group>";
		};
		A397700F22F434F800A0D13B /* View */ = {
			isa = PBXGroup;
			children = (
				A397701022F4352000A0D13B /* StatementButton.swift */,
				A3ED129722FAFC9900896304 /* DogTableViewCell.swift */,
				A3190E4222FC5F7200540652 /* DogTableViewCell.xib */,
			);
			path = View;
			sourceTree = "<group>";
		};
		A397701222F43A5E00A0D13B /* Controller */ = {
			isa = PBXGroup;
			children = (
				F61DD28A22F3649100B31D4A /* StatementViewController.swift */,
				A397701322F461E500A0D13B /* InitialViewController.swift */,
				A397701522F4692800A0D13B /* ResultsViewController.swift */,
			);
			path = Controller;
			sourceTree = "<group>";
		};
		A397701722F46BCB00A0D13B /* Coordinator */ = {
			isa = PBXGroup;
			children = (
				A397701822F46CCC00A0D13B /* QuizCoordinator.swift */,
			);
			path = Coordinator;
			sourceTree = "<group>";
		};
		F61DD27C22F3649100B31D4A = {
			isa = PBXGroup;
			children = (
				F61DD28722F3649100B31D4A /* Quizlee */,
				F61DD28622F3649100B31D4A /* Products */,
			);
			sourceTree = "<group>";
		};
		F61DD28622F3649100B31D4A /* Products */ = {
			isa = PBXGroup;
			children = (
				F61DD28522F3649100B31D4A /* Quizlee.app */,
			);
			name = Products;
			sourceTree = "<group>";
		};
		F61DD28722F3649100B31D4A /* Quizlee */ = {
			isa = PBXGroup;
			children = (
				A397701722F46BCB00A0D13B /* Coordinator */,
				A397701222F43A5E00A0D13B /* Controller */,
				A397700F22F434F800A0D13B /* View */,
				A397700822F41DB900A0D13B /* Model */,
				F61DD29A22F364BE00B31D4A /* DogRepository */,
				F61DD28822F3649100B31D4A /* AppDelegate.swift */,
				F61DD28C22F3649100B31D4A /* Main.storyboard */,
				F61DD28F22F3649600B31D4A /* Assets.xcassets */,
				F61DD29122F3649600B31D4A /* LaunchScreen.storyboard */,
				A39C7E4A2302E1F400691D86 /* Dogs.plist */,
				A39C7E4C2302E20200691D86 /* Info.plist */,
				F61DD29F22F3660D00B31D4A /* dog_statements.json */,
				A3ED129122FAF9A600896304 /* alldogsresponse.json */,
				A39C7E412302C50200691D86 /* Dogs.xcassets */,
			);
			path = Quizlee;
			sourceTree = "<group>";
		};
		F61DD29A22F364BE00B31D4A /* DogRepository */ = {
			isa = PBXGroup;
			children = (
				F61DD29B22F3651800B31D4A /* DogRepository.swift */,
			);
			path = DogRepository;
			sourceTree = "<group>";
		};
/* End PBXGroup section */

/* Begin PBXNativeTarget section */
		F61DD28422F3649100B31D4A /* Quizlee */ = {
			isa = PBXNativeTarget;
			buildConfigurationList = F61DD29722F3649700B31D4A /* Build configuration list for PBXNativeTarget "Quizlee" */;
			buildPhases = (
				F61DD28122F3649100B31D4A /* Sources */,
				F61DD28222F3649100B31D4A /* Frameworks */,
				F61DD28322F3649100B31D4A /* Resources */,
			);
			buildRules = (
			);
			dependencies = (
			);
			name = Quizlee;
			productName = Quizlee;
			productReference = F61DD28522F3649100B31D4A /* Quizlee.app */;
			productType = "com.apple.product-type.application";
		};
/* End PBXNativeTarget section */

/* Begin PBXProject section */
		F61DD27D22F3649100B31D4A /* Project object */ = {
			isa = PBXProject;
			attributes = {
				LastSwiftUpdateCheck = 1020;
				LastUpgradeCheck = 1020;
				ORGANIZATIONNAME = "Endava Internship 2019";
				TargetAttributes = {
					F61DD28422F3649100B31D4A = {
						CreatedOnToolsVersion = 10.2;
					};
				};
			};
			buildConfigurationList = F61DD28022F3649100B31D4A /* Build configuration list for PBXProject "Quizlee" */;
			compatibilityVersion = "Xcode 9.3";
			developmentRegion = en;
			hasScannedForEncodings = 0;
			knownRegions = (
				en,
				Base,
			);
			mainGroup = F61DD27C22F3649100B31D4A;
			productRefGroup = F61DD28622F3649100B31D4A /* Products */;
			projectDirPath = "";
			projectRoot = "";
			targets = (
				F61DD28422F3649100B31D4A /* Quizlee */,
			);
		};
/* End PBXProject section */

/* Begin PBXResourcesBuildPhase section */
		F61DD28322F3649100B31D4A /* Resources */ = {
			isa = PBXResourcesBuildPhase;
			buildActionMask = 2147483647;
			files = (
				A3190E4322FC5F7200540652 /* DogTableViewCell.xib in Resources */,
				F61DD2A022F3660D00B31D4A /* dog_statements.json in Resources */,
				A39C7E4B2302E1F400691D86 /* Dogs.plist in Resources */,
				A39C7E3C2302BEB100691D86 /* DogCollectionViewCell.xib in Resources */,
				F61DD29322F3649600B31D4A /* LaunchScreen.storyboard in Resources */,
				F61DD29022F3649600B31D4A /* Assets.xcassets in Resources */,
				F61DD28E22F3649100B31D4A /* Main.storyboard in Resources */,
				A39C7E4D2302E20200691D86 /* Info.plist in Resources */,
				A39C7E422302C50200691D86 /* Dogs.xcassets in Resources */,
				A3ED129222FAF9A600896304 /* alldogsresponse.json in Resources */,
			);
			runOnlyForDeploymentPostprocessing = 0;
		};
/* End PBXResourcesBuildPhase section */

/* Begin PBXSourcesBuildPhase section */
		F61DD28122F3649100B31D4A /* Sources */ = {
			isa = PBXSourcesBuildPhase;
			buildActionMask = 2147483647;
			files = (
				A3163982230153F9009C9897 /* BreedButton.swift in Sources */,
				A3ED129C22FAFFF800896304 /* DogBreedsPool.swift in Sources */,
				F61DD28B22F3649100B31D4A /* StatementViewController.swift in Sources */,
				A397701422F461E600A0D13B /* InitialViewController.swift in Sources */,
				A3ED129922FAFC9900896304 /* DogTableViewCell.swift in Sources */,
				A3ED129622FAFBCA00896304 /* DogBreeds.swift in Sources */,
				A397700E22F421D900A0D13B /* StatementPool.swift in Sources */,
				A3152DF52302BBC30004BD58 /* DogCollectionViewCell.swift in Sources */,
				F61DD29C22F3651800B31D4A /* DogRepository.swift in Sources */,
				F61DD28922F3649100B31D4A /* AppDelegate.swift in Sources */,
				A397700C22F41FDF00A0D13B /* Statement.swift in Sources */,
				A3ED129022FAF7E600896304 /* DogsTableViewController.swift in Sources */,
				A397701122F4352000A0D13B /* StatementButton.swift in Sources */,
				A34DDBA622FDBBF10089E247 /* DogProfileViewController.swift in Sources */,
				A39C7E3E2302BF4700691D86 /* Dog.swift in Sources */,
				A397701922F46CCC00A0D13B /* QuizCoordinator.swift in Sources */,
				A3152DF22302BB7C0004BD58 /* ViewController.swift in Sources */,
				A39C7E402302BF7400691D86 /* PinterestLayout.swift in Sources */,
				A397701622F4692800A0D13B /* ResultsViewController.swift in Sources */,
			);
			runOnlyForDeploymentPostprocessing = 0;
		};
/* End PBXSourcesBuildPhase section */

/* Begin PBXVariantGroup section */
		F61DD28C22F3649100B31D4A /* Main.storyboard */ = {
			isa = PBXVariantGroup;
			children = (
				F61DD28D22F3649100B31D4A /* Base */,
			);
			name = Main.storyboard;
			sourceTree = "<group>";
		};
		F61DD29122F3649600B31D4A /* LaunchScreen.storyboard */ = {
			isa = PBXVariantGroup;
			children = (
				F61DD29222F3649600B31D4A /* Base */,
			);
			name = LaunchScreen.storyboard;
			sourceTree = "<group>";
		};
/* End PBXVariantGroup section */

/* Begin XCBuildConfiguration section */
		F61DD29522F3649700B31D4A /* Debug */ = {
			isa = XCBuildConfiguration;
			buildSettings = {
				ALWAYS_SEARCH_USER_PATHS = NO;
				CLANG_ANALYZER_NONNULL = YES;
				CLANG_ANALYZER_NUMBER_OBJECT_CONVERSION = YES_AGGRESSIVE;
				CLANG_CXX_LANGUAGE_STANDARD = "gnu++14";
				CLANG_CXX_LIBRARY = "libc++";
				CLANG_ENABLE_MODULES = YES;
				CLANG_ENABLE_OBJC_ARC = YES;
				CLANG_ENABLE_OBJC_WEAK = YES;
				CLANG_WARN_BLOCK_CAPTURE_AUTORELEASING = YES;
				CLANG_WARN_BOOL_CONVERSION = YES;
				CLANG_WARN_COMMA = YES;
				CLANG_WARN_CONSTANT_CONVERSION = YES;
				CLANG_WARN_DEPRECATED_OBJC_IMPLEMENTATIONS = YES;
				CLANG_WARN_DIRECT_OBJC_ISA_USAGE = YES_ERROR;
				CLANG_WARN_DOCUMENTATION_COMMENTS = YES;
				CLANG_WARN_EMPTY_BODY = YES;
				CLANG_WARN_ENUM_CONVERSION = YES;
				CLANG_WARN_INFINITE_RECURSION = YES;
				CLANG_WARN_INT_CONVERSION = YES;
				CLANG_WARN_NON_LITERAL_NULL_CONVERSION = YES;
				CLANG_WARN_OBJC_IMPLICIT_RETAIN_SELF = YES;
				CLANG_WARN_OBJC_LITERAL_CONVERSION = YES;
				CLANG_WARN_OBJC_ROOT_CLASS = YES_ERROR;
				CLANG_WARN_RANGE_LOOP_ANALYSIS = YES;
				CLANG_WARN_STRICT_PROTOTYPES = YES;
				CLANG_WARN_SUSPICIOUS_MOVE = YES;
				CLANG_WARN_UNGUARDED_AVAILABILITY = YES_AGGRESSIVE;
				CLANG_WARN_UNREACHABLE_CODE = YES;
				CLANG_WARN__DUPLICATE_METHOD_MATCH = YES;
				CODE_SIGN_IDENTITY = "iPhone Developer";
				COPY_PHASE_STRIP = NO;
				DEBUG_INFORMATION_FORMAT = dwarf;
				ENABLE_STRICT_OBJC_MSGSEND = YES;
				ENABLE_TESTABILITY = YES;
				GCC_C_LANGUAGE_STANDARD = gnu11;
				GCC_DYNAMIC_NO_PIC = NO;
				GCC_NO_COMMON_BLOCKS = YES;
				GCC_OPTIMIZATION_LEVEL = 0;
				GCC_PREPROCESSOR_DEFINITIONS = (
					"DEBUG=1",
					"$(inherited)",
				);
				GCC_WARN_64_TO_32_BIT_CONVERSION = YES;
				GCC_WARN_ABOUT_RETURN_TYPE = YES_ERROR;
				GCC_WARN_UNDECLARED_SELECTOR = YES;
				GCC_WARN_UNINITIALIZED_AUTOS = YES_AGGRESSIVE;
				GCC_WARN_UNUSED_FUNCTION = YES;
				GCC_WARN_UNUSED_VARIABLE = YES;
				IPHONEOS_DEPLOYMENT_TARGET = 12.2;
				MTL_ENABLE_DEBUG_INFO = INCLUDE_SOURCE;
				MTL_FAST_MATH = YES;
				ONLY_ACTIVE_ARCH = YES;
				SDKROOT = iphoneos;
				SWIFT_ACTIVE_COMPILATION_CONDITIONS = DEBUG;
				SWIFT_OPTIMIZATION_LEVEL = "-Onone";
			};
			name = Debug;
		};
		F61DD29622F3649700B31D4A /* Release */ = {
			isa = XCBuildConfiguration;
			buildSettings = {
				ALWAYS_SEARCH_USER_PATHS = NO;
				CLANG_ANALYZER_NONNULL = YES;
				CLANG_ANALYZER_NUMBER_OBJECT_CONVERSION = YES_AGGRESSIVE;
				CLANG_CXX_LANGUAGE_STANDARD = "gnu++14";
				CLANG_CXX_LIBRARY = "libc++";
				CLANG_ENABLE_MODULES = YES;
				CLANG_ENABLE_OBJC_ARC = YES;
				CLANG_ENABLE_OBJC_WEAK = YES;
				CLANG_WARN_BLOCK_CAPTURE_AUTORELEASING = YES;
				CLANG_WARN_BOOL_CONVERSION = YES;
				CLANG_WARN_COMMA = YES;
				CLANG_WARN_CONSTANT_CONVERSION = YES;
				CLANG_WARN_DEPRECATED_OBJC_IMPLEMENTATIONS = YES;
				CLANG_WARN_DIRECT_OBJC_ISA_USAGE = YES_ERROR;
				CLANG_WARN_DOCUMENTATION_COMMENTS = YES;
				CLANG_WARN_EMPTY_BODY = YES;
				CLANG_WARN_ENUM_CONVERSION = YES;
				CLANG_WARN_INFINITE_RECURSION = YES;
				CLANG_WARN_INT_CONVERSION = YES;
				CLANG_WARN_NON_LITERAL_NULL_CONVERSION = YES;
				CLANG_WARN_OBJC_IMPLICIT_RETAIN_SELF = YES;
				CLANG_WARN_OBJC_LITERAL_CONVERSION = YES;
				CLANG_WARN_OBJC_ROOT_CLASS = YES_ERROR;
				CLANG_WARN_RANGE_LOOP_ANALYSIS = YES;
				CLANG_WARN_STRICT_PROTOTYPES = YES;
				CLANG_WARN_SUSPICIOUS_MOVE = YES;
				CLANG_WARN_UNGUARDED_AVAILABILITY = YES_AGGRESSIVE;
				CLANG_WARN_UNREACHABLE_CODE = YES;
				CLANG_WARN__DUPLICATE_METHOD_MATCH = YES;
				CODE_SIGN_IDENTITY = "iPhone Developer";
				COPY_PHASE_STRIP = NO;
				DEBUG_INFORMATION_FORMAT = "dwarf-with-dsym";
				ENABLE_NS_ASSERTIONS = NO;
				ENABLE_STRICT_OBJC_MSGSEND = YES;
				GCC_C_LANGUAGE_STANDARD = gnu11;
				GCC_NO_COMMON_BLOCKS = YES;
				GCC_WARN_64_TO_32_BIT_CONVERSION = YES;
				GCC_WARN_ABOUT_RETURN_TYPE = YES_ERROR;
				GCC_WARN_UNDECLARED_SELECTOR = YES;
				GCC_WARN_UNINITIALIZED_AUTOS = YES_AGGRESSIVE;
				GCC_WARN_UNUSED_FUNCTION = YES;
				GCC_WARN_UNUSED_VARIABLE = YES;
				IPHONEOS_DEPLOYMENT_TARGET = 12.2;
				MTL_ENABLE_DEBUG_INFO = NO;
				MTL_FAST_MATH = YES;
				SDKROOT = iphoneos;
				SWIFT_COMPILATION_MODE = wholemodule;
				SWIFT_OPTIMIZATION_LEVEL = "-O";
				VALIDATE_PRODUCT = YES;
			};
			name = Release;
		};
		F61DD29822F3649700B31D4A /* Debug */ = {
			isa = XCBuildConfiguration;
			buildSettings = {
				ASSETCATALOG_COMPILER_APPICON_NAME = AppIcon;
				CODE_SIGN_STYLE = Automatic;
				INFOPLIST_FILE = Quizlee/Info.plist;
				IPHONEOS_DEPLOYMENT_TARGET = 12.1;
				LD_RUNPATH_SEARCH_PATHS = (
					"$(inherited)",
					"@executable_path/Frameworks",
				);
				PRODUCT_BUNDLE_IDENTIFIER = com.internship.Quizlee;
				PRODUCT_NAME = "$(TARGET_NAME)";
				SWIFT_VERSION = 5.0;
				TARGETED_DEVICE_FAMILY = "1,2";
			};
			name = Debug;
		};
		F61DD29922F3649700B31D4A /* Release */ = {
			isa = XCBuildConfiguration;
			buildSettings = {
				ASSETCATALOG_COMPILER_APPICON_NAME = AppIcon;
				CODE_SIGN_STYLE = Automatic;
				INFOPLIST_FILE = Quizlee/Info.plist;
				IPHONEOS_DEPLOYMENT_TARGET = 12.1;
				LD_RUNPATH_SEARCH_PATHS = (
					"$(inherited)",
					"@executable_path/Frameworks",
				);
				PRODUCT_BUNDLE_IDENTIFIER = com.internship.Quizlee;
				PRODUCT_NAME = "$(TARGET_NAME)";
				SWIFT_VERSION = 5.0;
				TARGETED_DEVICE_FAMILY = "1,2";
			};
			name = Release;
		};
/* End XCBuildConfiguration section */

/* Begin XCConfigurationList section */
		F61DD28022F3649100B31D4A /* Build configuration list for PBXProject "Quizlee" */ = {
			isa = XCConfigurationList;
			buildConfigurations = (
				F61DD29522F3649700B31D4A /* Debug */,
				F61DD29622F3649700B31D4A /* Release */,
			);
			defaultConfigurationIsVisible = 0;
			defaultConfigurationName = Release;
		};
		F61DD29722F3649700B31D4A /* Build configuration list for PBXNativeTarget "Quizlee" */ = {
			isa = XCConfigurationList;
			buildConfigurations = (
				F61DD29822F3649700B31D4A /* Debug */,
				F61DD29922F3649700B31D4A /* Release */,
			);
			defaultConfigurationIsVisible = 0;
			defaultConfigurationName = Release;
		};
/* End XCConfigurationList section */
	};
	rootObject = F61DD27D22F3649100B31D4A /* Project object */;
}
